
Microsoft Visual Studio Solution File, Format Version 12.00
# Visual Studio 15
VisualStudioVersion = 15.0.27130.2027
MinimumVisualStudioVersion = 10.0.40219.1
Project("{8BC9CEB8-8B4A-11D0-8D11-00A0C91BC942}") = "dbj.org.samples", "dbj.org.samples\dbj.org.samples.vcxproj", "{E1EC4AD5-85A2-4FD1-AE9E-6911E0C2612E}"
EndProject
Project("{8BC9CEB8-8B4A-11D0-8D11-00A0C91BC942}") = "dbj++", "C:\dbj\include\dbj++.vcxproj", "{FEDA0140-09C7-49E5-9EE1-2D9CB6E4391E}"
EndProject
Global
	GlobalSection(SolutionConfigurationPlatforms) = preSolution
		Debug|x64 = Debug|x64
		Debug|x86 = Debug|x86
		Release|x64 = Release|x64
		Release|x86 = Release|x86
	EndGlobalSection
	GlobalSection(ProjectConfigurationPlatforms) = postSolution
		{E1EC4AD5-85A2-4FD1-AE9E-6911E0C2612E}.Debug|x64.ActiveCfg = Debug|x64
		{E1EC4AD5-85A2-4FD1-AE9E-6911E0C2612E}.Debug|x64.Build.0 = Debug|x64
		{E1EC4AD5-85A2-4FD1-AE9E-6911E0C2612E}.Debug|x86.ActiveCfg = Debug|Win32
		{E1EC4AD5-85A2-4FD1-AE9E-6911E0C2612E}.Debug|x86.Build.0 = Debug|Win32
		{E1EC4AD5-85A2-4FD1-AE9E-6911E0C2612E}.Release|x64.ActiveCfg = Release|x64
		{E1EC4AD5-85A2-4FD1-AE9E-6911E0C2612E}.Release|x64.Build.0 = Release|x64
		{E1EC4AD5-85A2-4FD1-AE9E-6911E0C2612E}.Release|x86.ActiveCfg = Release|Win32
		{E1EC4AD5-85A2-4FD1-AE9E-6911E0C2612E}.Release|x86.Build.0 = Release|Win32
		{FEDA0140-09C7-49E5-9EE1-2D9CB6E4391E}.Debug|x64.ActiveCfg = Debug|x64
		{FEDA0140-09C7-49E5-9EE1-2D9CB6E4391E}.Debug|x64.Build.0 = Debug|x64
		{FEDA0140-09C7-49E5-9EE1-2D9CB6E4391E}.Debug|x86.ActiveCfg = Debug|Win32
		{FEDA0140-09C7-49E5-9EE1-2D9CB6E4391E}.Debug|x86.Build.0 = Debug|Win32
		{FEDA0140-09C7-49E5-9EE1-2D9CB6E4391E}.Release|x64.ActiveCfg = Release|x64
		{FEDA0140-09C7-49E5-9EE1-2D9CB6E4391E}.Release|x64.Build.0 = Release|x64
		{FEDA0140-09C7-49E5-9EE1-2D9CB6E4391E}.Release|x86.ActiveCfg = Release|Win32
		{FEDA0140-09C7-49E5-9EE1-2D9CB6E4391E}.Release|x86.Build.0 = Release|Win32
	EndGlobalSection
	GlobalSection(SolutionProperties) = preSolution
		HideSolutionNode = FALSE
	EndGlobalSection
	GlobalSection(ExtensibilityGlobals) = postSolution
		SolutionGuid = {FB8EB178-5E35-4037-9195-1B1DBCF8BFF0}
	EndGlobalSection
EndGlobal
