<?xml version="1.0" encoding="utf-8"?>
<Project ToolsVersion="4.0" xmlns="http://schemas.microsoft.com/developer/msbuild/2003">
  <ItemGroup>
    <ClCompile Include="stdafx.cpp" />
    <ClCompile Include="program.cpp" />
    <ClCompile Include="tests\any_narf.cpp">
      <Filter>tests</Filter>
    </ClCompile>
    <ClCompile Include="tests\few_more_nuggets.cpp">
      <Filter>tests</Filter>
    </ClCompile>
    <ClCompile Include="tests\quick_local_test.cpp">
      <Filter>tests</Filter>
    </ClCompile>
    <ClCompile Include="tests\tests.cpp">
      <Filter>tests</Filter>
    </ClCompile>
    <ClCompile Include="headers\no_inheritance.cpp" />
    <ClCompile Include="tests\lambda_mixer_samples.cpp">
      <Filter>tests</Filter>
    </ClCompile>
    <ClCompile Include="tests\dbj_traits_testing.cpp" />
    <ClCompile Include="tests\string_transformations.cpp" />
    <ClCompile Include="tests\console_tests.cpp" />
  </ItemGroup>
  <ItemGroup>
    <ClInclude Include="dbjtree\dbjtree.h">
      <Filter>dbjtree</Filter>
    </ClInclude>
    <ClInclude Include="dbjtree\dbjtreeprint.h">
      <Filter>dbjtree</Filter>
    </ClInclude>
    <ClInclude Include="stdafx.h">
      <Filter>headers</Filter>
    </ClInclude>
    <ClInclude Include="dbj_any\dbj_any.h">
      <Filter>dbj_any</Filter>
    </ClInclude>
    <ClInclude Include="dbj_any\dbj_any_node.h">
      <Filter>dbj_any</Filter>
    </ClInclude>
    <ClInclude Include="headers\dbj_lambda_lists.h">
      <Filter>headers</Filter>
    </ClInclude>
    <ClInclude Include="headers\dbj_tokenizer.h">
      <Filter>headers</Filter>
    </ClInclude>
    <ClInclude Include="headers\no_inheritance.h">
      <Filter>headers</Filter>
    </ClInclude>
    <ClInclude Include="headers\policy_classes.h">
      <Filter>headers</Filter>
    </ClInclude>
    <ClInclude Include="headers\dbj_atoms.h">
      <Filter>headers</Filter>
    </ClInclude>
    <ClInclude Include="dbj_x\dbj_actual_type.h">
      <Filter>dbj_x</Filter>
    </ClInclude>
    <ClInclude Include="dbj_x\dbj_ctstring.h">
      <Filter>dbj_x</Filter>
    </ClInclude>
    <ClInclude Include="dbj_x\dbj_fontlist.h">
      <Filter>dbj_x</Filter>
    </ClInclude>
    <ClInclude Include="dbj_x\dbj_micro_printf.h">
      <Filter>dbj_x</Filter>
    </ClInclude>
    <ClInclude Include="dbj_x\dbj_timer.h">
      <Filter>dbj_x</Filter>
    </ClInclude>
    <ClInclude Include="dbj_x\string_literals_with_universal_character_names.h">
      <Filter>dbj_x</Filter>
    </ClInclude>
    <ClInclude Include="msvc_conformance\supports_api.h">
      <Filter>msvc_conformance</Filter>
    </ClInclude>
    <ClInclude Include="msvc_conformance\lambda_runtime_retval_test.h">
      <Filter>msvc_conformance</Filter>
    </ClInclude>
    <ClInclude Include="cppwinrt\dbj_web_syndication.cpp">
      <Filter>cppwinrt</Filter>
    </ClInclude>
    <ClInclude Include="dbj_x\dbj_swapable_engines.h">
      <Filter>dbj_x</Filter>
    </ClInclude>
    <ClInclude Include="headers\no_copy_no_move.h">
      <Filter>headers</Filter>
    </ClInclude>
    <ClInclude Include="dbj_x\dbj_polymorph.h" />
    <ClInclude Include="dbj_x\no_copy_no_move.h" />
  </ItemGroup>
  <ItemGroup>
    <None Include="readme.md" />
    <None Include="..\cpp.hint" />
    <None Include="cpp.hint" />
    <None Include="headers\cpp.hint" />
  </ItemGroup>
  <ItemGroup>
    <Filter Include="dbjtree">
      <UniqueIdentifier>{0ad20a8e-aad4-406a-a9aa-0b4dfd45e4a3}</UniqueIdentifier>
    </Filter>
    <Filter Include="headers">
      <UniqueIdentifier>{8ec3c0b1-56b6-451f-a7c2-984be85ee7a7}</UniqueIdentifier>
    </Filter>
    <Filter Include="dbj_any">
      <UniqueIdentifier>{1362e0d0-d86d-45ac-8d82-eebe19bb81d1}</UniqueIdentifier>
    </Filter>
    <Filter Include="tests">
      <UniqueIdentifier>{a4ceaa6d-e9c6-40ce-941c-ac0f3b7e8236}</UniqueIdentifier>
    </Filter>
    <Filter Include="dbj_x">
      <UniqueIdentifier>{a1c93006-478f-45af-897b-ad2e361d873d}</UniqueIdentifier>
    </Filter>
    <Filter Include="msvc_conformance">
      <UniqueIdentifier>{770a1fa9-9bb0-4ea8-977c-57b81a7c62bb}</UniqueIdentifier>
    </Filter>
    <Filter Include="cppwinrt">
      <UniqueIdentifier>{cda90959-480e-4289-b504-3e058502da46}</UniqueIdentifier>
    </Filter>
  </ItemGroup>
</Project>